
Microsoft Visual Studio Solution File, Format Version 12.00
Project("{FAE04EC0-301F-11D3-BF4B-00C04F79EFBC}") = "MineSweeperConVictoria", "MineSweeperConVictoria\MineSweeperConVictoria.csproj", "{04C2CACD-8167-46B6-8C29-51161857EE22}"
EndProject
Project("{FAE04EC0-301F-11D3-BF4B-00C04F79EFBC}") = "MineSweeper.Tests", "MineSweeper.Tests\MineSweeper.Tests.csproj", "{26CBEAE1-1AEB-4190-99BF-03CB3913B83A}"
EndProject
Global
	GlobalSection(SolutionConfigurationPlatforms) = preSolution
		Debug|Any CPU = Debug|Any CPU
		Release|Any CPU = Release|Any CPU
	EndGlobalSection
	GlobalSection(ProjectConfigurationPlatforms) = postSolution
		{04C2CACD-8167-46B6-8C29-51161857EE22}.Debug|Any CPU.ActiveCfg = Debug|Any CPU
		{04C2CACD-8167-46B6-8C29-51161857EE22}.Debug|Any CPU.Build.0 = Debug|Any CPU
		{04C2CACD-8167-46B6-8C29-51161857EE22}.Release|Any CPU.ActiveCfg = Release|Any CPU
		{04C2CACD-8167-46B6-8C29-51161857EE22}.Release|Any CPU.Build.0 = Release|Any CPU
		{26CBEAE1-1AEB-4190-99BF-03CB3913B83A}.Debug|Any CPU.ActiveCfg = Debug|Any CPU
		{26CBEAE1-1AEB-4190-99BF-03CB3913B83A}.Debug|Any CPU.Build.0 = Debug|Any CPU
		{26CBEAE1-1AEB-4190-99BF-03CB3913B83A}.Release|Any CPU.ActiveCfg = Release|Any CPU
		{26CBEAE1-1AEB-4190-99BF-03CB3913B83A}.Release|Any CPU.Build.0 = Release|Any CPU
	EndGlobalSection
EndGlobal
